
Microsoft Visual Studio Solution File, Format Version 12.00
# Visual Studio Version 17
VisualStudioVersion = 17.12.35707.178 d17.12
MinimumVisualStudioVersion = 10.0.40219.1
Project("{FAE04EC0-301F-11D3-BF4B-00C04F79EFBC}") = "Russiantechnerrr", "Russiantechnerrr.csproj", "{F442F914-EB92-4B63-BE4B-9E1E9A5D8984}"
EndProject
Global
	GlobalSection(SolutionConfigurationPlatforms) = preSolution
		Debug|Any CPU = Debug|Any CPU
		Release|Any CPU = Release|Any CPU
	EndGlobalSection
	GlobalSection(ProjectConfigurationPlatforms) = postSolution
		{F442F914-EB92-4B63-BE4B-9E1E9A5D8984}.Debug|Any CPU.ActiveCfg = Debug|Any CPU
		{F442F914-EB92-4B63-BE4B-9E1E9A5D8984}.Debug|Any CPU.Build.0 = Debug|Any CPU
		{F442F914-EB92-4B63-BE4B-9E1E9A5D8984}.Release|Any CPU.ActiveCfg = Release|Any CPU
		{F442F914-EB92-4B63-BE4B-9E1E9A5D8984}.Release|Any CPU.Build.0 = Release|Any CPU
	EndGlobalSection
	GlobalSection(SolutionProperties) = preSolution
		HideSolutionNode = FALSE
	EndGlobalSection
EndGlobal
